
Microsoft Visual Studio Solution File, Format Version 12.00
# Visual Studio Version 16
VisualStudioVersion = 16.0.31005.135
MinimumVisualStudioVersion = 10.0.40219.1
Project("{FAE04EC0-301F-11D3-BF4B-00C04F79EFBC}") = "project 1", "project 1\project 1.csproj", "{0B15A23B-D834-4BA3-B17D-23F8E597831B}"
EndProject
Global
	GlobalSection(SolutionConfigurationPlatforms) = preSolution
		Debug|Any CPU = Debug|Any CPU
		Release|Any CPU = Release|Any CPU
	EndGlobalSection
	GlobalSection(ProjectConfigurationPlatforms) = postSolution
		{0B15A23B-D834-4BA3-B17D-23F8E597831B}.Debug|Any CPU.ActiveCfg = Debug|Any CPU
		{0B15A23B-D834-4BA3-B17D-23F8E597831B}.Debug|Any CPU.Build.0 = Debug|Any CPU
		{0B15A23B-D834-4BA3-B17D-23F8E597831B}.Release|Any CPU.ActiveCfg = Release|Any CPU
		{0B15A23B-D834-4BA3-B17D-23F8E597831B}.Release|Any CPU.Build.0 = Release|Any CPU
	EndGlobalSection
	GlobalSection(SolutionProperties) = preSolution
		HideSolutionNode = FALSE
	EndGlobalSection
	GlobalSection(ExtensibilityGlobals) = postSolution
		SolutionGuid = {E67DD07E-EB28-4E81-9C56-EE2960D9F57D}
	EndGlobalSection
EndGlobal
